// !$*UTF8*$!
{
	archiveVersion = 1;
	classes = {
	};
	objectVersion = 77;
	objects = {

/* Begin PBXContainerItemProxy section */
		8AA91C292DABFEA20009E6B7 /* PBXContainerItemProxy */ = {
			isa = PBXContainerItemProxy;
			containerPortal = 8AA91C102DABFEA10009E6B7 /* Project object */;
			proxyType = 1;
			remoteGlobalIDString = 8AA91C172DABFEA10009E6B7;
			remoteInfo = HelpBookDemo;
		};
		8AA91C332DABFEA20009E6B7 /* PBXContainerItemProxy */ = {
			isa = PBXContainerItemProxy;
			containerPortal = 8AA91C102DABFEA10009E6B7 /* Project object */;
			proxyType = 1;
			remoteGlobalIDString = 8AA91C172DABFEA10009E6B7;
			remoteInfo = HelpBookDemo;
		};
/* End PBXContainerItemProxy section */

/* Begin PBXFileReference section */
		8AA91C182DABFEA10009E6B7 /* HelpBookDemo.app */ = {isa = PBXFileReference; explicitFileType = wrapper.application; includeInIndex = 0; path = HelpBookDemo.app; sourceTree = BUILT_PRODUCTS_DIR; };
		8AA91C282DABFEA20009E6B7 /* HelpBookDemoTests.xctest */ = {isa = PBXFileReference; explicitFileType = wrapper.cfbundle; includeInIndex = 0; path = HelpBookDemoTests.xctest; sourceTree = BUILT_PRODUCTS_DIR; };
		8AA91C322DABFEA20009E6B7 /* HelpBookDemoUITests.xctest */ = {isa = PBXFileReference; explicitFileType = wrapper.cfbundle; includeInIndex = 0; path = HelpBookDemoUITests.xctest; sourceTree = BUILT_PRODUCTS_DIR; };
		8AA91C452DABFEB90009E6B7 /* LICENSE */ = {isa = PBXFileReference; lastKnownFileType = text; path = LICENSE; sourceTree = "<group>"; };
		8AA91C462DABFEB90009E6B7 /* README.md */ = {isa = PBXFileReference; lastKnownFileType = net.daringfireball.markdown; path = README.md; sourceTree = "<group>"; };
/* End PBXFileReference section */

/* Begin PBXFileSystemSynchronizedBuildFileExceptionSet section */
		8A4D80972DAC2268009457CE /* Exceptions for "HelpBookDemo" folder in "HelpBookDemo" target */ = {
			isa = PBXFileSystemSynchronizedBuildFileExceptionSet;
			membershipExceptions = (
				Info.plist,
			);
			target = 8AA91C172DABFEA10009E6B7 /* HelpBookDemo */;
		};
/* End PBXFileSystemSynchronizedBuildFileExceptionSet section */

/* Begin PBXFileSystemSynchronizedRootGroup section */
		8AA91C1A2DABFEA10009E6B7 /* HelpBookDemo */ = {
			isa = PBXFileSystemSynchronizedRootGroup;
			exceptions = (
				8A4D80972DAC2268009457CE /* Exceptions for "HelpBookDemo" folder in "HelpBookDemo" target */,
			);
			explicitFileTypes = {
				Info.plist = text.plist.info;
			};
			path = HelpBookDemo;
			sourceTree = "<group>";
		};
		8AA91C2B2DABFEA20009E6B7 /* HelpBookDemoTests */ = {
			isa = PBXFileSystemSynchronizedRootGroup;
			path = HelpBookDemoTests;
			sourceTree = "<group>";
		};
		8AA91C352DABFEA20009E6B7 /* HelpBookDemoUITests */ = {
			isa = PBXFileSystemSynchronizedRootGroup;
			path = HelpBookDemoUITests;
			sourceTree = "<group>";
		};
/* End PBXFileSystemSynchronizedRootGroup section */

/* Begin PBXFrameworksBuildPhase section */
		8AA91C152DABFEA10009E6B7 /* Frameworks */ = {
			isa = PBXFrameworksBuildPhase;
			buildActionMask = 2147483647;
			files = (
			);
			runOnlyForDeploymentPostprocessing = 0;
		};
		8AA91C252DABFEA20009E6B7 /* Frameworks */ = {
			isa = PBXFrameworksBuildPhase;
			buildActionMask = 2147483647;
			files = (
			);
			runOnlyForDeploymentPostprocessing = 0;
		};
		8AA91C2F2DABFEA20009E6B7 /* Frameworks */ = {
			isa = PBXFrameworksBuildPhase;
			buildActionMask = 2147483647;
			files = (
			);
			runOnlyForDeploymentPostprocessing = 0;
		};
/* End PBXFrameworksBuildPhase section */

/* Begin PBXGroup section */
		8AA91C0F2DABFEA10009E6B7 = {
			isa = PBXGroup;
			children = (
				8AA91C452DABFEB90009E6B7 /* LICENSE */,
				8AA91C462DABFEB90009E6B7 /* README.md */,
				8AA91C1A2DABFEA10009E6B7 /* HelpBookDemo */,
				8AA91C2B2DABFEA20009E6B7 /* HelpBookDemoTests */,
				8AA91C352DABFEA20009E6B7 /* HelpBookDemoUITests */,
				8AA91C192DABFEA10009E6B7 /* Products */,
			);
			sourceTree = "<group>";
		};
		8AA91C192DABFEA10009E6B7 /* Products */ = {
			isa = PBXGroup;
			children = (
				8AA91C182DABFEA10009E6B7 /* HelpBookDemo.app */,
				8AA91C282DABFEA20009E6B7 /* HelpBookDemoTests.xctest */,
				8AA91C322DABFEA20009E6B7 /* HelpBookDemoUITests.xctest */,
			);
			name = Products;
			sourceTree = "<group>";
		};
/* End PBXGroup section */

/* Begin PBXNativeTarget section */
		8AA91C172DABFEA10009E6B7 /* HelpBookDemo */ = {
			isa = PBXNativeTarget;
			buildConfigurationList = 8AA91C3C2DABFEA20009E6B7 /* Build configuration list for PBXNativeTarget "HelpBookDemo" */;
			buildPhases = (
				8AA91C142DABFEA10009E6B7 /* Sources */,
				8AA91C152DABFEA10009E6B7 /* Frameworks */,
				8AA91C162DABFEA10009E6B7 /* Resources */,
				8AA91CAB2DAC03E00009E6B7 /* Clear Help Cache */,
			);
			buildRules = (
			);
			dependencies = (
			);
			fileSystemSynchronizedGroups = (
				8AA91C1A2DABFEA10009E6B7 /* HelpBookDemo */,
			);
			name = HelpBookDemo;
			packageProductDependencies = (
			);
			productName = HelpBookDemo;
			productReference = 8AA91C182DABFEA10009E6B7 /* HelpBookDemo.app */;
			productType = "com.apple.product-type.application";
		};
		8AA91C272DABFEA20009E6B7 /* HelpBookDemoTests */ = {
			isa = PBXNativeTarget;
			buildConfigurationList = 8AA91C3F2DABFEA20009E6B7 /* Build configuration list for PBXNativeTarget "HelpBookDemoTests" */;
			buildPhases = (
				8AA91C242DABFEA20009E6B7 /* Sources */,
				8AA91C252DABFEA20009E6B7 /* Frameworks */,
				8AA91C262DABFEA20009E6B7 /* Resources */,
			);
			buildRules = (
			);
			dependencies = (
				8AA91C2A2DABFEA20009E6B7 /* PBXTargetDependency */,
			);
			fileSystemSynchronizedGroups = (
				8AA91C2B2DABFEA20009E6B7 /* HelpBookDemoTests */,
			);
			name = HelpBookDemoTests;
			packageProductDependencies = (
			);
			productName = HelpBookDemoTests;
			productReference = 8AA91C282DABFEA20009E6B7 /* HelpBookDemoTests.xctest */;
			productType = "com.apple.product-type.bundle.unit-test";
		};
		8AA91C312DABFEA20009E6B7 /* HelpBookDemoUITests */ = {
			isa = PBXNativeTarget;
			buildConfigurationList = 8AA91C422DABFEA20009E6B7 /* Build configuration list for PBXNativeTarget "HelpBookDemoUITests" */;
			buildPhases = (
				8AA91C2E2DABFEA20009E6B7 /* Sources */,
				8AA91C2F2DABFEA20009E6B7 /* Frameworks */,
				8AA91C302DABFEA20009E6B7 /* Resources */,
			);
			buildRules = (
			);
			dependencies = (
				8AA91C342DABFEA20009E6B7 /* PBXTargetDependency */,
			);
			fileSystemSynchronizedGroups = (
				8AA91C352DABFEA20009E6B7 /* HelpBookDemoUITests */,
			);
			name = HelpBookDemoUITests;
			packageProductDependencies = (
			);
			productName = HelpBookDemoUITests;
			productReference = 8AA91C322DABFEA20009E6B7 /* HelpBookDemoUITests.xctest */;
			productType = "com.apple.product-type.bundle.ui-testing";
		};
/* End PBXNativeTarget section */

/* Begin PBXProject section */
		8AA91C102DABFEA10009E6B7 /* Project object */ = {
			isa = PBXProject;
			attributes = {
				BuildIndependentTargetsInParallel = 1;
				LastSwiftUpdateCheck = 1630;
				LastUpgradeCheck = 1630;
				TargetAttributes = {
					8AA91C172DABFEA10009E6B7 = {
						CreatedOnToolsVersion = 16.3;
					};
					8AA91C272DABFEA20009E6B7 = {
						CreatedOnToolsVersion = 16.3;
						TestTargetID = 8AA91C172DABFEA10009E6B7;
					};
					8AA91C312DABFEA20009E6B7 = {
						CreatedOnToolsVersion = 16.3;
						TestTargetID = 8AA91C172DABFEA10009E6B7;
					};
				};
			};
			buildConfigurationList = 8AA91C132DABFEA10009E6B7 /* Build configuration list for PBXProject "HelpBookDemo" */;
			developmentRegion = en;
			hasScannedForEncodings = 0;
			knownRegions = (
				en,
				Base,
			);
			mainGroup = 8AA91C0F2DABFEA10009E6B7;
			minimizedProjectReferenceProxies = 1;
			preferredProjectObjectVersion = 77;
			productRefGroup = 8AA91C192DABFEA10009E6B7 /* Products */;
			projectDirPath = "";
			projectRoot = "";
			targets = (
				8AA91C172DABFEA10009E6B7 /* HelpBookDemo */,
				8AA91C272DABFEA20009E6B7 /* HelpBookDemoTests */,
				8AA91C312DABFEA20009E6B7 /* HelpBookDemoUITests */,
			);
		};
/* End PBXProject section */

/* Begin PBXResourcesBuildPhase section */
		8AA91C162DABFEA10009E6B7 /* Resources */ = {
			isa = PBXResourcesBuildPhase;
			buildActionMask = 2147483647;
			files = (
			);
			runOnlyForDeploymentPostprocessing = 0;
		};
		8AA91C262DABFEA20009E6B7 /* Resources */ = {
			isa = PBXResourcesBuildPhase;
			buildActionMask = 2147483647;
			files = (
			);
			runOnlyForDeploymentPostprocessing = 0;
		};
		8AA91C302DABFEA20009E6B7 /* Resources */ = {
			isa = PBXResourcesBuildPhase;
			buildActionMask = 2147483647;
			files = (
			);
			runOnlyForDeploymentPostprocessing = 0;
		};
/* End PBXResourcesBuildPhase section */

/* Begin PBXShellScriptBuildPhase section */
		8AA91CAB2DAC03E00009E6B7 /* Clear Help Cache */ = {
			isa = PBXShellScriptBuildPhase;
			buildActionMask = 2147483647;
			files = (
			);
			inputFileListPaths = (
			);
			inputPaths = (
				"$(SRCROOT)/HelpBookDemo/Resources/HelpBookDemo.help/Contents/Resources/en.lproj/index.html",
			);
			name = "Clear Help Cache";
			outputFileListPaths = (
			);
			outputPaths = (
				"$(BUILD_DIR)/help_cache_last_hash.txt",
			);
			runOnlyForDeploymentPostprocessing = 0;
			shellPath = /bin/bash;
			shellScript = "#!/usr/bin/env bash\n\n# 📘 Simple Help Book Cache Cleaner for macOS 15+ (Xcode-safe)\n\n# For proper dependency tracking, you must add any source files in the help bundle under the \"Input Files\" section below.\n# Alternately, a clean build should always run this script.\n\nCACHE_DIR=\"$HOME/Library/Group Containers/group.com.apple.helpviewer.content/Library/Caches\"\nCACHE_PREFIX=\"org.macos-devguides.HelpBookDemo.org.macos-devguides.HelpBookDemo.help\"\n\necho \"📘 [Help Cache Script] Clearing Help Book cache...\"\n\n# Find and remove all matching cache directories\nshopt -s nullglob\nMATCHES=(\"$CACHE_DIR\"/\"$CACHE_PREFIX\"*)\nshopt -u nullglob\n\nif [ ${#MATCHES[@]} -eq 0 ]; then\n  echo \"ℹ️ No matching cache files found.\"\nelse\n  for path in \"${MATCHES[@]}\"; do\n    echo \"🗑️ Removing cached Help Book: $(basename \"$path\")\"\n    rm -rf \"$path\"\n  done\n  echo \"✅ Cache cleared successfully.\"\nfi\n\n# Restart helpd to ensure clean state\nkillall -9 helpd 2>/dev/null || echo \"ℹ️ helpd not running.\"\n\necho \"✅ Help Book cache cleaning completed.\"\n";
		};
/* End PBXShellScriptBuildPhase section */

/* Begin PBXSourcesBuildPhase section */
		8AA91C142DABFEA10009E6B7 /* Sources */ = {
			isa = PBXSourcesBuildPhase;
			buildActionMask = 2147483647;
			files = (
			);
			runOnlyForDeploymentPostprocessing = 0;
		};
		8AA91C242DABFEA20009E6B7 /* Sources */ = {
			isa = PBXSourcesBuildPhase;
			buildActionMask = 2147483647;
			files = (
			);
			runOnlyForDeploymentPostprocessing = 0;
		};
		8AA91C2E2DABFEA20009E6B7 /* Sources */ = {
			isa = PBXSourcesBuildPhase;
			buildActionMask = 2147483647;
			files = (
			);
			runOnlyForDeploymentPostprocessing = 0;
		};
/* End PBXSourcesBuildPhase section */

/* Begin PBXTargetDependency section */
		8AA91C2A2DABFEA20009E6B7 /* PBXTargetDependency */ = {
			isa = PBXTargetDependency;
			target = 8AA91C172DABFEA10009E6B7 /* HelpBookDemo */;
			targetProxy = 8AA91C292DABFEA20009E6B7 /* PBXContainerItemProxy */;
		};
		8AA91C342DABFEA20009E6B7 /* PBXTargetDependency */ = {
			isa = PBXTargetDependency;
			target = 8AA91C172DABFEA10009E6B7 /* HelpBookDemo */;
			targetProxy = 8AA91C332DABFEA20009E6B7 /* PBXContainerItemProxy */;
		};
/* End PBXTargetDependency section */

/* Begin XCBuildConfiguration section */
		8AA91C3A2DABFEA20009E6B7 /* Debug */ = {
			isa = XCBuildConfiguration;
			buildSettings = {
				ALWAYS_SEARCH_USER_PATHS = NO;
				ASSETCATALOG_COMPILER_GENERATE_SWIFT_ASSET_SYMBOL_EXTENSIONS = YES;
				CLANG_ANALYZER_NONNULL = YES;
				CLANG_ANALYZER_NUMBER_OBJECT_CONVERSION = YES_AGGRESSIVE;
				CLANG_CXX_LANGUAGE_STANDARD = "gnu++20";
				CLANG_ENABLE_MODULES = YES;
				CLANG_ENABLE_OBJC_ARC = YES;
				CLANG_ENABLE_OBJC_WEAK = YES;
				CLANG_WARN_BLOCK_CAPTURE_AUTORELEASING = YES;
				CLANG_WARN_BOOL_CONVERSION = YES;
				CLANG_WARN_COMMA = YES;
				CLANG_WARN_CONSTANT_CONVERSION = YES;
				CLANG_WARN_DEPRECATED_OBJC_IMPLEMENTATIONS = YES;
				CLANG_WARN_DIRECT_OBJC_ISA_USAGE = YES_ERROR;
				CLANG_WARN_DOCUMENTATION_COMMENTS = YES;
				CLANG_WARN_EMPTY_BODY = YES;
				CLANG_WARN_ENUM_CONVERSION = YES;
				CLANG_WARN_INFINITE_RECURSION = YES;
				CLANG_WARN_INT_CONVERSION = YES;
				CLANG_WARN_NON_LITERAL_NULL_CONVERSION = YES;
				CLANG_WARN_OBJC_IMPLICIT_RETAIN_SELF = YES;
				CLANG_WARN_OBJC_LITERAL_CONVERSION = YES;
				CLANG_WARN_OBJC_ROOT_CLASS = YES_ERROR;
				CLANG_WARN_QUOTED_INCLUDE_IN_FRAMEWORK_HEADER = YES;
				CLANG_WARN_RANGE_LOOP_ANALYSIS = YES;
				CLANG_WARN_STRICT_PROTOTYPES = YES;
				CLANG_WARN_SUSPICIOUS_MOVE = YES;
				CLANG_WARN_UNGUARDED_AVAILABILITY = YES_AGGRESSIVE;
				CLANG_WARN_UNREACHABLE_CODE = YES;
				CLANG_WARN__DUPLICATE_METHOD_MATCH = YES;
				COPY_PHASE_STRIP = NO;
				DEBUG_INFORMATION_FORMAT = dwarf;
				DEVELOPMENT_TEAM = B3MQ7N9D25;
				ENABLE_STRICT_OBJC_MSGSEND = YES;
				ENABLE_TESTABILITY = YES;
				ENABLE_USER_SCRIPT_SANDBOXING = YES;
				GCC_C_LANGUAGE_STANDARD = gnu17;
				GCC_DYNAMIC_NO_PIC = NO;
				GCC_NO_COMMON_BLOCKS = YES;
				GCC_OPTIMIZATION_LEVEL = 0;
				GCC_PREPROCESSOR_DEFINITIONS = (
					"DEBUG=1",
					"$(inherited)",
				);
				GCC_WARN_64_TO_32_BIT_CONVERSION = YES;
				GCC_WARN_ABOUT_RETURN_TYPE = YES_ERROR;
				GCC_WARN_UNDECLARED_SELECTOR = YES;
				GCC_WARN_UNINITIALIZED_AUTOS = YES_AGGRESSIVE;
				GCC_WARN_UNUSED_FUNCTION = YES;
				GCC_WARN_UNUSED_VARIABLE = YES;
				LOCALIZATION_PREFERS_STRING_CATALOGS = YES;
				MACOSX_DEPLOYMENT_TARGET = 15.4;
				MTL_ENABLE_DEBUG_INFO = INCLUDE_SOURCE;
				MTL_FAST_MATH = YES;
				ONLY_ACTIVE_ARCH = YES;
				SDKROOT = macosx;
				SWIFT_ACTIVE_COMPILATION_CONDITIONS = "DEBUG $(inherited)";
				SWIFT_OPTIMIZATION_LEVEL = "-Onone";
			};
			name = Debug;
		};
		8AA91C3B2DABFEA20009E6B7 /* Release */ = {
			isa = XCBuildConfiguration;
			buildSettings = {
				ALWAYS_SEARCH_USER_PATHS = NO;
				ASSETCATALOG_COMPILER_GENERATE_SWIFT_ASSET_SYMBOL_EXTENSIONS = YES;
				CLANG_ANALYZER_NONNULL = YES;
				CLANG_ANALYZER_NUMBER_OBJECT_CONVERSION = YES_AGGRESSIVE;
				CLANG_CXX_LANGUAGE_STANDARD = "gnu++20";
				CLANG_ENABLE_MODULES = YES;
				CLANG_ENABLE_OBJC_ARC = YES;
				CLANG_ENABLE_OBJC_WEAK = YES;
				CLANG_WARN_BLOCK_CAPTURE_AUTORELEASING = YES;
				CLANG_WARN_BOOL_CONVERSION = YES;
				CLANG_WARN_COMMA = YES;
				CLANG_WARN_CONSTANT_CONVERSION = YES;
				CLANG_WARN_DEPRECATED_OBJC_IMPLEMENTATIONS = YES;
				CLANG_WARN_DIRECT_OBJC_ISA_USAGE = YES_ERROR;
				CLANG_WARN_DOCUMENTATION_COMMENTS = YES;
				CLANG_WARN_EMPTY_BODY = YES;
				CLANG_WARN_ENUM_CONVERSION = YES;
				CLANG_WARN_INFINITE_RECURSION = YES;
				CLANG_WARN_INT_CONVERSION = YES;
				CLANG_WARN_NON_LITERAL_NULL_CONVERSION = YES;
				CLANG_WARN_OBJC_IMPLICIT_RETAIN_SELF = YES;
				CLANG_WARN_OBJC_LITERAL_CONVERSION = YES;
				CLANG_WARN_OBJC_ROOT_CLASS = YES_ERROR;
				CLANG_WARN_QUOTED_INCLUDE_IN_FRAMEWORK_HEADER = YES;
				CLANG_WARN_RANGE_LOOP_ANALYSIS = YES;
				CLANG_WARN_STRICT_PROTOTYPES = YES;
				CLANG_WARN_SUSPICIOUS_MOVE = YES;
				CLANG_WARN_UNGUARDED_AVAILABILITY = YES_AGGRESSIVE;
				CLANG_WARN_UNREACHABLE_CODE = YES;
				CLANG_WARN__DUPLICATE_METHOD_MATCH = YES;
				COPY_PHASE_STRIP = NO;
				DEBUG_INFORMATION_FORMAT = "dwarf-with-dsym";
				DEVELOPMENT_TEAM = B3MQ7N9D25;
				ENABLE_NS_ASSERTIONS = NO;
				ENABLE_STRICT_OBJC_MSGSEND = YES;
				ENABLE_USER_SCRIPT_SANDBOXING = YES;
				GCC_C_LANGUAGE_STANDARD = gnu17;
				GCC_NO_COMMON_BLOCKS = YES;
				GCC_WARN_64_TO_32_BIT_CONVERSION = YES;
				GCC_WARN_ABOUT_RETURN_TYPE = YES_ERROR;
				GCC_WARN_UNDECLARED_SELECTOR = YES;
				GCC_WARN_UNINITIALIZED_AUTOS = YES_AGGRESSIVE;
				GCC_WARN_UNUSED_FUNCTION = YES;
				GCC_WARN_UNUSED_VARIABLE = YES;
				LOCALIZATION_PREFERS_STRING_CATALOGS = YES;
				MACOSX_DEPLOYMENT_TARGET = 15.4;
				MTL_ENABLE_DEBUG_INFO = NO;
				MTL_FAST_MATH = YES;
				SDKROOT = macosx;
				SWIFT_COMPILATION_MODE = wholemodule;
			};
			name = Release;
		};
		8AA91C3D2DABFEA20009E6B7 /* Debug */ = {
			isa = XCBuildConfiguration;
			buildSettings = {
				ASSETCATALOG_COMPILER_APPICON_NAME = AppIcon;
				ASSETCATALOG_COMPILER_GLOBAL_ACCENT_COLOR_NAME = AccentColor;
				CODE_SIGN_ENTITLEMENTS = HelpBookDemo/HelpBookDemo.entitlements;
				"CODE_SIGN_IDENTITY[sdk=macosx*]" = "-";
				CODE_SIGN_STYLE = Automatic;
				COMBINE_HIDPI_IMAGES = YES;
				CURRENT_PROJECT_VERSION = 1;
				DEVELOPMENT_TEAM = B3MQ7N9D25;
				ENABLE_HARDENED_RUNTIME = YES;
				ENABLE_PREVIEWS = YES;
				GENERATE_INFOPLIST_FILE = YES;
				INFOPLIST_FILE = HelpBookDemo/Info.plist;
				INFOPLIST_KEY_NSHumanReadableCopyright = "";
				LD_RUNPATH_SEARCH_PATHS = (
					"$(inherited)",
					"@executable_path/../Frameworks",
				);
				MACOSX_DEPLOYMENT_TARGET = 14.0;
				MARKETING_VERSION = 1.0;
				PRODUCT_BUNDLE_IDENTIFIER = "org.macos-devguides.HelpBookDemo";
				PRODUCT_NAME = "$(TARGET_NAME)";
				REGISTER_APP_GROUPS = YES;
				SWIFT_EMIT_LOC_STRINGS = YES;
				SWIFT_VERSION = 5.0;
			};
			name = Debug;
		};
		8AA91C3E2DABFEA20009E6B7 /* Release */ = {
			isa = XCBuildConfiguration;
			buildSettings = {
				ASSETCATALOG_COMPILER_APPICON_NAME = AppIcon;
				ASSETCATALOG_COMPILER_GLOBAL_ACCENT_COLOR_NAME = AccentColor;
				CODE_SIGN_ENTITLEMENTS = HelpBookDemo/HelpBookDemo.entitlements;
				"CODE_SIGN_IDENTITY[sdk=macosx*]" = "-";
				CODE_SIGN_STYLE = Automatic;
				COMBINE_HIDPI_IMAGES = YES;
				CURRENT_PROJECT_VERSION = 1;
				DEVELOPMENT_TEAM = B3MQ7N9D25;
				ENABLE_HARDENED_RUNTIME = YES;
				ENABLE_PREVIEWS = YES;
				GENERATE_INFOPLIST_FILE = YES;
				INFOPLIST_FILE = HelpBookDemo/Info.plist;
				INFOPLIST_KEY_NSHumanReadableCopyright = "";
				LD_RUNPATH_SEARCH_PATHS = (
					"$(inherited)",
					"@executable_path/../Frameworks",
				);
				MACOSX_DEPLOYMENT_TARGET = 14.0;
				MARKETING_VERSION = 1.0;
				PRODUCT_BUNDLE_IDENTIFIER = "org.macos-devguides.HelpBookDemo";
				PRODUCT_NAME = "$(TARGET_NAME)";
				REGISTER_APP_GROUPS = YES;
				SWIFT_EMIT_LOC_STRINGS = YES;
				SWIFT_VERSION = 5.0;
			};
			name = Release;
		};
		8AA91C402DABFEA20009E6B7 /* Debug */ = {
			isa = XCBuildConfiguration;
			buildSettings = {
				BUNDLE_LOADER = "$(TEST_HOST)";
				"CODE_SIGN_IDENTITY[sdk=macosx*]" = "-";
				CODE_SIGN_STYLE = Automatic;
				CURRENT_PROJECT_VERSION = 1;
				DEVELOPMENT_TEAM = B3MQ7N9D25;
				GENERATE_INFOPLIST_FILE = YES;
				MACOSX_DEPLOYMENT_TARGET = 14.0;
				MARKETING_VERSION = 1.0;
				PRODUCT_BUNDLE_IDENTIFIER = "org.macos-devguides.HelpBookDemo";
				PRODUCT_NAME = "$(TARGET_NAME)";
				SWIFT_EMIT_LOC_STRINGS = NO;
				SWIFT_VERSION = 5.0;
				TEST_HOST = "$(BUILT_PRODUCTS_DIR)/HelpBookDemo.app/$(BUNDLE_EXECUTABLE_FOLDER_PATH)/HelpBookDemo";
			};
			name = Debug;
		};
		8AA91C412DABFEA20009E6B7 /* Release */ = {
			isa = XCBuildConfiguration;
			buildSettings = {
				BUNDLE_LOADER = "$(TEST_HOST)";
				"CODE_SIGN_IDENTITY[sdk=macosx*]" = "-";
				CODE_SIGN_STYLE = Automatic;
				CURRENT_PROJECT_VERSION = 1;
				DEVELOPMENT_TEAM = B3MQ7N9D25;
				GENERATE_INFOPLIST_FILE = YES;
				MACOSX_DEPLOYMENT_TARGET = 14.0;
				MARKETING_VERSION = 1.0;
				PRODUCT_BUNDLE_IDENTIFIER = "org.macos-devguides.HelpBookDemo";
				PRODUCT_NAME = "$(TARGET_NAME)";
				SWIFT_EMIT_LOC_STRINGS = NO;
				SWIFT_VERSION = 5.0;
				TEST_HOST = "$(BUILT_PRODUCTS_DIR)/HelpBookDemo.app/$(BUNDLE_EXECUTABLE_FOLDER_PATH)/HelpBookDemo";
			};
			name = Release;
		};
		8AA91C432DABFEA20009E6B7 /* Debug */ = {
			isa = XCBuildConfiguration;
			buildSettings = {
				"CODE_SIGN_IDENTITY[sdk=macosx*]" = "-";
				CODE_SIGN_STYLE = Automatic;
				CURRENT_PROJECT_VERSION = 1;
				DEVELOPMENT_TEAM = B3MQ7N9D25;
				GENERATE_INFOPLIST_FILE = YES;
				MARKETING_VERSION = 1.0;
				PRODUCT_BUNDLE_IDENTIFIER = "org.macos-devguides.HelpBookDemo";
				PRODUCT_NAME = "$(TARGET_NAME)";
				SWIFT_EMIT_LOC_STRINGS = NO;
				SWIFT_VERSION = 5.0;
				TEST_TARGET_NAME = HelpBookDemo;
			};
			name = Debug;
		};
		8AA91C442DABFEA20009E6B7 /* Release */ = {
			isa = XCBuildConfiguration;
			buildSettings = {
				"CODE_SIGN_IDENTITY[sdk=macosx*]" = "-";
				CODE_SIGN_STYLE = Automatic;
				CURRENT_PROJECT_VERSION = 1;
				DEVELOPMENT_TEAM = B3MQ7N9D25;
				GENERATE_INFOPLIST_FILE = YES;
				MARKETING_VERSION = 1.0;
				PRODUCT_BUNDLE_IDENTIFIER = "org.macos-devguides.HelpBookDemo";
				PRODUCT_NAME = "$(TARGET_NAME)";
				SWIFT_EMIT_LOC_STRINGS = NO;
				SWIFT_VERSION = 5.0;
				TEST_TARGET_NAME = HelpBookDemo;
			};
			name = Release;
		};
/* End XCBuildConfiguration section */

/* Begin XCConfigurationList section */
		8AA91C132DABFEA10009E6B7 /* Build configuration list for PBXProject "HelpBookDemo" */ = {
			isa = XCConfigurationList;
			buildConfigurations = (
				8AA91C3A2DABFEA20009E6B7 /* Debug */,
				8AA91C3B2DABFEA20009E6B7 /* Release */,
			);
			defaultConfigurationIsVisible = 0;
			defaultConfigurationName = Release;
		};
		8AA91C3C2DABFEA20009E6B7 /* Build configuration list for PBXNativeTarget "HelpBookDemo" */ = {
			isa = XCConfigurationList;
			buildConfigurations = (
				8AA91C3D2DABFEA20009E6B7 /* Debug */,
				8AA91C3E2DABFEA20009E6B7 /* Release */,
			);
			defaultConfigurationIsVisible = 0;
			defaultConfigurationName = Release;
		};
		8AA91C3F2DABFEA20009E6B7 /* Build configuration list for PBXNativeTarget "HelpBookDemoTests" */ = {
			isa = XCConfigurationList;
			buildConfigurations = (
				8AA91C402DABFEA20009E6B7 /* Debug */,
				8AA91C412DABFEA20009E6B7 /* Release */,
			);
			defaultConfigurationIsVisible = 0;
			defaultConfigurationName = Release;
		};
		8AA91C422DABFEA20009E6B7 /* Build configuration list for PBXNativeTarget "HelpBookDemoUITests" */ = {
			isa = XCConfigurationList;
			buildConfigurations = (
				8AA91C432DABFEA20009E6B7 /* Debug */,
				8AA91C442DABFEA20009E6B7 /* Release */,
			);
			defaultConfigurationIsVisible = 0;
			defaultConfigurationName = Release;
		};
/* End XCConfigurationList section */
	};
	rootObject = 8AA91C102DABFEA10009E6B7 /* Project object */;
}
